[[package]]
name = "kernel"
version = "0.1.0"
dependencies = [
 "tock-cells 0.1.0",
 "tock-registers 0.1.0",
]

[[package]]
name = "riscv32i"
version = "0.1.0"
dependencies = [
 "kernel 0.1.0",
]

[[package]]
name = "tock-cells"
version = "0.1.0"

[[package]]
name = "tock-registers"
version = "0.1.0"

