[[package]]
name = "capsules"
version = "0.1.0"
dependencies = [
 "kernel 0.1.0",
]

[[package]]
name = "common"
version = "0.1.0"

[[package]]
name = "cortexm4"
version = "0.1.0"
dependencies = [
 "kernel 0.1.0",
]

[[package]]
name = "kernel"
version = "0.1.0"

[[package]]
name = "mk20"
version = "0.1.0"
dependencies = [
 "capsules 0.1.0",
 "common 0.1.0",
 "cortexm4 0.1.0",
 "kernel 0.1.0",
]

[[package]]
name = "teensy"
version = "0.1.0"
dependencies = [
 "capsules 0.1.0",
 "common 0.1.0",
 "cortexm4 0.1.0",
 "kernel 0.1.0",
 "mk20 0.1.0",
]

