# This file is automatically @generated by Cargo.
# It is not intended for manual editing.
[[package]]
name = "e310x"
version = "0.1.0"
dependencies = [
 "kernel 0.1.0",
 "rv32i 0.1.0",
 "sifive 0.1.0",
]

[[package]]
name = "kernel"
version = "0.1.0"
dependencies = [
 "tock-cells 0.1.0",
 "tock-registers 0.3.0",
]

[[package]]
name = "rv32i"
version = "0.1.0"
dependencies = [
 "kernel 0.1.0",
]

[[package]]
name = "sifive"
version = "0.1.0"
dependencies = [
 "kernel 0.1.0",
 "rv32i 0.1.0",
]

[[package]]
name = "tock-cells"
version = "0.1.0"

[[package]]
name = "tock-registers"
version = "0.3.0"

