# This file is automatically @generated by Cargo.
# It is not intended for manual editing.
version = 4

[[package]]
name = "apollo3"
version = "0.2.3-dev"
dependencies = [
 "cortexm4f",
 "enum_primitive",
 "kernel",
]

[[package]]
name = "arty_e21"
version = "0.2.3-dev"
dependencies = [
 "arty_e21_chip",
 "capsules-core",
 "capsules-extra",
 "capsules-system",
 "components",
 "kernel",
 "rv32i",
 "sifive",
 "tock_build_scripts",
]

[[package]]
name = "arty_e21_chip"
version = "0.2.3-dev"
dependencies = [
 "kernel",
 "rv32i",
 "sifive",
]

[[package]]
name = "base16ct"
version = "0.2.0"
source = "registry+https://github.com/rust-lang/crates.io-index"
checksum = "4c7f02d4ea65f2c1853089ffd8d2787bdbc63de2f0d29dedbcf8ccdfa0ccd4cf"

[[package]]
name = "block-buffer"
version = "0.10.4"
source = "registry+https://github.com/rust-lang/crates.io-index"
checksum = "3078c7629b62d3f0439517fa394996acacc5cbc91c5a20d8c658e77abd503a71"
dependencies = [
 "generic-array",
]

[[package]]
name = "capsules-aes-gcm"
version = "0.2.3-dev"
dependencies = [
 "enum_primitive",
 "ghash",
 "kernel",
 "tickv",
]

[[package]]
name = "capsules-core"
version = "0.2.3-dev"
dependencies = [
 "enum_primitive",
 "kernel",
 "tickv",
]

[[package]]
name = "capsules-extra"
version = "0.2.3-dev"
dependencies = [
 "capsules-core",
 "enum_primitive",
 "kernel",
 "tickv",
]

[[package]]
name = "capsules-system"
version = "0.2.3-dev"
dependencies = [
 "kernel",
 "tock-tbf",
]

[[package]]
name = "cfg-if"
version = "1.0.3"
source = "registry+https://github.com/rust-lang/crates.io-index"
checksum = "2fd1289c04a9ea8cb22300a459a72a385d7c73d3259e2ed7dcb2af674838cfa9"

[[package]]
name = "clue_nrf52840"
version = "0.2.3-dev"
dependencies = [
 "capsules-core",
 "capsules-extra",
 "capsules-system",
 "components",
 "cortexm4",
 "kernel",
 "nrf52",
 "nrf52840",
 "nrf52_components",
 "tock_build_scripts",
]

[[package]]
name = "components"
version = "0.2.3-dev"
dependencies = [
 "capsules-core",
 "capsules-extra",
 "capsules-system",
 "kernel",
 "segger",
 "tock-tbf",
]

[[package]]
name = "const-oid"
version = "0.9.6"
source = "registry+https://github.com/rust-lang/crates.io-index"
checksum = "c2459377285ad874054d797f3ccebf984978aa39129f6eafde5cdc8315b612f8"

[[package]]
name = "cortexm"
version = "0.2.3-dev"
dependencies = [
 "kernel",
]

[[package]]
name = "cortexm0"
version = "0.2.3-dev"
dependencies = [
 "cortexm",
 "kernel",
]

[[package]]
name = "cortexm0p"
version = "0.2.3-dev"
dependencies = [
 "cortexm",
 "cortexm0",
 "kernel",
]

[[package]]
name = "cortexm3"
version = "0.2.3-dev"
dependencies = [
 "cortexm",
 "cortexv7m",
 "kernel",
]

[[package]]
name = "cortexm33"
version = "0.2.3-dev"
dependencies = [
 "cortexm",
 "cortexv7m",
 "kernel",
]

[[package]]
name = "cortexm4"
version = "0.2.3-dev"
dependencies = [
 "cortexm",
 "cortexv7m",
 "kernel",
]

[[package]]
name = "cortexm4f"
version = "0.2.3-dev"
dependencies = [
 "cortexm",
 "cortexv7m",
 "kernel",
]

[[package]]
name = "cortexm7"
version = "0.2.3-dev"
dependencies = [
 "cortexm",
 "cortexv7m",
 "kernel",
]

[[package]]
name = "cortexv7m"
version = "0.2.3-dev"
dependencies = [
 "kernel",
]

[[package]]
name = "cpufeatures"
version = "0.2.17"
source = "registry+https://github.com/rust-lang/crates.io-index"
checksum = "59ed5838eebb26a2bb2e58f6d5b5316989ae9d08bab10e0e6d103e656d1b0280"
dependencies = [
 "libc",
]

[[package]]
name = "crypto-bigint"
version = "0.5.5"
source = "registry+https://github.com/rust-lang/crates.io-index"
checksum = "0dc92fb57ca44df6db8059111ab3af99a63d5d0f8375d9972e319a379c6bab76"
dependencies = [
 "generic-array",
 "rand_core",
 "subtle",
 "zeroize",
]

[[package]]
name = "crypto-common"
version = "0.1.6"
source = "registry+https://github.com/rust-lang/crates.io-index"
checksum = "1bfb12502f3fc46cca1bb51ac28df9d618d813cdc3d2f25b9fe775a34af26bb3"
dependencies = [
 "generic-array",
 "typenum",
]

[[package]]
name = "cy8cproto_62_4243_w"
version = "0.2.3-dev"
dependencies = [
 "capsules-core",
 "capsules-extra",
 "capsules-system",
 "components",
 "cortexm0p",
 "kernel",
 "psoc62xa",
 "tock_build_scripts",
]

[[package]]
name = "der"
version = "0.7.10"
source = "registry+https://github.com/rust-lang/crates.io-index"
checksum = "e7c1832837b905bbfb5101e07cc24c8deddf52f93225eee6ead5f4d63d53ddcb"
dependencies = [
 "const-oid",
 "zeroize",
]

[[package]]
name = "digest"
version = "0.10.7"
source = "registry+https://github.com/rust-lang/crates.io-index"
checksum = "9ed9a281f7bc9b7576e61468ba615a66a5c8cfdff42420a70aa82701a3b1e292"
dependencies = [
 "block-buffer",
 "const-oid",
 "crypto-common",
 "subtle",
]

[[package]]
name = "e310_g002"
version = "0.2.3-dev"
dependencies = [
 "e310x",
 "kernel",
 "rv32i",
 "sifive",
]

[[package]]
name = "e310_g003"
version = "0.2.3-dev"
dependencies = [
 "e310x",
 "kernel",
 "rv32i",
 "sifive",
]

[[package]]
name = "e310x"
version = "0.2.3-dev"
dependencies = [
 "kernel",
 "rv32i",
 "sifive",
]

[[package]]
name = "earlgrey"
version = "0.2.3-dev"
dependencies = [
 "kernel",
 "lowrisc",
 "rv32i",
]

[[package]]
name = "earlgrey-cw310"
version = "0.2.3-dev"
dependencies = [
 "capsules-aes-gcm",
 "capsules-core",
 "capsules-extra",
 "capsules-system",
 "components",
 "earlgrey",
 "kernel",
 "lowrisc",
 "rv32i",
 "tock-tbf",
 "tock_build_scripts",
]

[[package]]
name = "ecdsa"
version = "0.16.9"
source = "registry+https://github.com/rust-lang/crates.io-index"
checksum = "ee27f32b5c5292967d2d4a9d7f1e0b0aed2c15daded5a60300e4abb9d8020bca"
dependencies = [
 "der",
 "digest",
 "elliptic-curve",
 "rfc6979",
 "signature",
]

[[package]]
name = "ecdsa-sw"
version = "0.2.3-dev"
dependencies = [
 "capsules-core",
 "kernel",
 "p256",
]

[[package]]
name = "elliptic-curve"
version = "0.13.8"
source = "registry+https://github.com/rust-lang/crates.io-index"
checksum = "b5e6043086bf7973472e0c7dff2142ea0b680d30e18d9cc40f267efbf222bd47"
dependencies = [
 "base16ct",
 "crypto-bigint",
 "digest",
 "ff",
 "generic-array",
 "group",
 "rand_core",
 "sec1",
 "subtle",
 "zeroize",
]

[[package]]
name = "enum_primitive"
version = "0.1.0"

[[package]]
name = "esp32"
version = "0.2.3-dev"
dependencies = [
 "kernel",
]

[[package]]
name = "esp32-c3"
version = "0.2.3-dev"
dependencies = [
 "esp32",
 "kernel",
 "rv32i",
]

[[package]]
name = "esp32-c3-board"
version = "0.2.3-dev"
dependencies = [
 "capsules-core",
 "capsules-extra",
 "capsules-system",
 "components",
 "esp32",
 "esp32-c3",
 "kernel",
 "rv32i",
 "tock_build_scripts",
]

[[package]]
name = "ff"
version = "0.13.1"
source = "registry+https://github.com/rust-lang/crates.io-index"
checksum = "c0b50bfb653653f9ca9095b427bed08ab8d75a137839d9ad64eb11810d5b6393"
dependencies = [
 "rand_core",
 "subtle",
]

[[package]]
name = "flux-attrs"
version = "0.1.0"
source = "git+https://github.com/flux-rs/flux.git?rev=8256bd03c72f4ba4633ff969fac6c53928969edc#8256bd03c72f4ba4633ff969fac6c53928969edc"
dependencies = [
 "flux-attrs-impl",
]

[[package]]
name = "flux-attrs-impl"
version = "0.1.0"
source = "git+https://github.com/flux-rs/flux.git?rev=8256bd03c72f4ba4633ff969fac6c53928969edc#8256bd03c72f4ba4633ff969fac6c53928969edc"
dependencies = [
 "proc-macro2",
 "quote",
 "syn",
]

[[package]]
name = "flux-rs"
version = "0.1.0"
source = "git+https://github.com/flux-rs/flux.git?rev=8256bd03c72f4ba4633ff969fac6c53928969edc#8256bd03c72f4ba4633ff969fac6c53928969edc"
dependencies = [
 "flux-attrs",
]

[[package]]
name = "generic-array"
version = "0.14.7"
source = "registry+https://github.com/rust-lang/crates.io-index"
checksum = "85649ca51fd72272d7821adaf274ad91c288277713d9c18820d8499a7ff69e9a"
dependencies = [
 "typenum",
 "version_check",
 "zeroize",
]

[[package]]
name = "ghash"
version = "0.4.4"
source = "registry+https://github.com/rust-lang/crates.io-index"
checksum = "1583cc1656d7839fd3732b80cf4f38850336cdb9b8ded1cd399ca62958de3c99"
dependencies = [
 "opaque-debug",
 "polyval",
]

[[package]]
name = "group"
version = "0.13.0"
source = "registry+https://github.com/rust-lang/crates.io-index"
checksum = "f0f9ef7462f7c099f518d754361858f86d8a07af53ba9af0fe635bbccb151a63"
dependencies = [
 "ff",
 "rand_core",
 "subtle",
]

[[package]]
name = "hail"
version = "0.2.3-dev"
dependencies = [
 "capsules-core",
 "capsules-extra",
 "capsules-system",
 "components",
 "cortexm4",
 "kernel",
 "sam4l",
 "tock_build_scripts",
]

[[package]]
name = "hifive1"
version = "0.2.3-dev"
dependencies = [
 "capsules-core",
 "capsules-extra",
 "capsules-system",
 "components",
 "e310_g002",
 "kernel",
 "rv32i",
 "sifive",
 "tock_build_scripts",
]

[[package]]
name = "hifive_inventor"
version = "0.2.3-dev"
dependencies = [
 "capsules-core",
 "capsules-extra",
 "capsules-system",
 "components",
 "e310_g003",
 "kernel",
 "rv32i",
 "sifive",
 "tock_build_scripts",
]

[[package]]
name = "hmac"
version = "0.12.1"
source = "registry+https://github.com/rust-lang/crates.io-index"
checksum = "6c49c37c09c17a53d937dfbb742eb3a961d65a994e6bcdcf37e7399d0cc8ab5e"
dependencies = [
 "digest",
]

[[package]]
name = "imix"
version = "0.2.3-dev"
dependencies = [
 "capsules-core",
 "capsules-extra",
 "capsules-system",
 "components",
 "cortexm4",
 "kernel",
 "sam4l",
 "tock_build_scripts",
]

[[package]]
name = "imxrt1050-evkb"
version = "0.2.3-dev"
dependencies = [
 "capsules-core",
 "capsules-extra",
 "capsules-system",
 "components",
 "cortexm7",
 "imxrt10xx",
 "kernel",
 "tock_build_scripts",
]

[[package]]
name = "imxrt10xx"
version = "0.2.3-dev"
dependencies = [
 "cortexm7",
 "enum_primitive",
 "kernel",
]

[[package]]
name = "kernel"
version = "0.2.3-dev"
dependencies = [
 "flux-rs",
 "tock-cells",
 "tock-registers",
 "tock-tbf",
]

[[package]]
name = "libc"
version = "0.2.176"
source = "registry+https://github.com/rust-lang/crates.io-index"
checksum = "58f929b4d672ea937a23a1ab494143d968337a5f47e56d0815df1e0890ddf174"

[[package]]
name = "litex"
version = "0.2.3-dev"
dependencies = [
 "kernel",
 "tock-registers",
]

[[package]]
name = "litex_arty"
version = "0.2.3-dev"
dependencies = [
 "capsules-core",
 "capsules-extra",
 "capsules-system",
 "components",
 "kernel",
 "litex_vexriscv",
 "rv32i",
 "tock_build_scripts",
]

[[package]]
name = "litex_sim"
version = "0.2.3-dev"
dependencies = [
 "capsules-core",
 "capsules-extra",
 "capsules-system",
 "components",
 "kernel",
 "litex_vexriscv",
 "rv32i",
 "tock_build_scripts",
]

[[package]]
name = "litex_vexriscv"
version = "0.2.3-dev"
dependencies = [
 "kernel",
 "litex",
 "rv32i",
]

[[package]]
name = "lora_things_plus"
version = "0.2.3-dev"
dependencies = [
 "apollo3",
 "capsules-core",
 "capsules-extra",
 "capsules-system",
 "components",
 "cortexm4",
 "kernel",
 "tock-tbf",
 "tock_build_scripts",
]

[[package]]
name = "lowrisc"
version = "0.2.3-dev"
dependencies = [
 "kernel",
 "rv32i",
]

[[package]]
name = "lpc55s69-evk"
version = "0.2.3-dev"
dependencies = [
 "capsules-core",
 "capsules-system",
 "components",
 "cortexm33",
 "enum_primitive",
 "kernel",
 "lpc55s6x",
 "segger",
 "tock_build_scripts",
]

[[package]]
name = "lpc55s6x"
version = "0.2.3-dev"
dependencies = [
 "cortexm33",
 "enum_primitive",
 "kernel",
]

[[package]]
name = "makepython-nrf52840"
version = "0.2.3-dev"
dependencies = [
 "capsules-core",
 "capsules-extra",
 "capsules-system",
 "components",
 "cortexm4",
 "kernel",
 "nrf52",
 "nrf52840",
 "nrf52_components",
 "tock_build_scripts",
]

[[package]]
name = "microbit_v2"
version = "0.2.3-dev"
dependencies = [
 "capsules-core",
 "capsules-extra",
 "capsules-system",
 "components",
 "cortexm4",
 "kernel",
 "nrf52",
 "nrf52833",
 "nrf52_components",
 "tock_build_scripts",
]

[[package]]
name = "microbit_v2-test-dynamic-app-load"
version = "0.2.3-dev"
dependencies = [
 "capsules-core",
 "capsules-extra",
 "capsules-system",
 "components",
 "cortexm4",
 "kernel",
 "nrf52",
 "nrf52833",
 "nrf52_components",
 "tock_build_scripts",
]

[[package]]
name = "msp-exp432p401r"
version = "0.2.3-dev"
dependencies = [
 "capsules-core",
 "capsules-extra",
 "capsules-system",
 "components",
 "cortexm4",
 "kernel",
 "msp432",
 "tock_build_scripts",
]

[[package]]
name = "msp432"
version = "0.2.3-dev"
dependencies = [
 "cortexm4",
 "enum_primitive",
 "kernel",
]

[[package]]
name = "nano33ble"
version = "0.2.3-dev"
dependencies = [
 "capsules-core",
 "capsules-extra",
 "capsules-system",
 "components",
 "cortexm4",
 "kernel",
 "nrf52",
 "nrf52840",
 "nrf52_components",
 "tock_build_scripts",
]

[[package]]
name = "nano33ble_rev2"
version = "0.2.3-dev"
dependencies = [
 "capsules-core",
 "capsules-extra",
 "capsules-system",
 "components",
 "cortexm4",
 "kernel",
 "nrf52",
 "nrf52840",
 "nrf52_components",
 "tock_build_scripts",
]

[[package]]
name = "nano_rp2040_connect"
version = "0.2.3-dev"
dependencies = [
 "capsules-core",
 "capsules-extra",
 "capsules-system",
 "components",
 "cortexm0p",
 "enum_primitive",
 "kernel",
 "rp2040",
 "tock_build_scripts",
]

[[package]]
name = "nrf52"
version = "0.2.3-dev"
dependencies = [
 "cortexm4f",
 "enum_primitive",
 "kernel",
 "nrf5x",
]

[[package]]
name = "nrf52832"
version = "0.2.3-dev"
dependencies = [
 "cortexm4f",
 "kernel",
 "nrf52",
]

[[package]]
name = "nrf52833"
version = "0.2.3-dev"
dependencies = [
 "cortexm4f",
 "kernel",
 "nrf52",
]

[[package]]
name = "nrf52840"
version = "0.2.3-dev"
dependencies = [
 "cortexm4f",
 "kernel",
 "nrf52",
]

[[package]]
name = "nrf52840_dongle"
version = "0.2.3-dev"
dependencies = [
 "capsules-core",
 "capsules-extra",
 "capsules-system",
 "components",
 "cortexm4",
 "kernel",
 "nrf52840",
 "nrf52_components",
 "segger",
 "tock_build_scripts",
]

[[package]]
name = "nrf52840dk"
version = "0.2.3-dev"
dependencies = [
 "capsules-core",
 "capsules-extra",
 "capsules-system",
 "components",
 "cortexm4",
 "kernel",
 "nrf52840",
 "nrf52_components",
 "segger",
 "tock_build_scripts",
]

[[package]]
name = "nrf52840dk-dynamic-apps-and-policies"
version = "0.2.3-dev"
dependencies = [
 "capsules-core",
 "capsules-extra",
 "capsules-system",
 "components",
 "cortexm4",
 "ecdsa-sw",
 "kernel",
 "nrf52840",
 "nrf52840dk",
 "nrf52_components",
 "segger",
 "tock-tbf",
 "tock_build_scripts",
]

[[package]]
name = "nrf52840dk-hotp-tutorial"
version = "0.2.3-dev"
dependencies = [
 "capsules-core",
 "capsules-extra",
 "capsules-system",
 "components",
 "kernel",
 "nrf52840",
 "nrf52840dk",
 "tock_build_scripts",
]

[[package]]
name = "nrf52840dk-root-of-trust-tutorial"
version = "0.2.3-dev"
dependencies = [
 "capsules-core",
 "capsules-extra",
 "capsules-system",
 "components",
 "kernel",
 "nrf52840",
 "nrf52840dk",
 "tock_build_scripts",
]

[[package]]
name = "nrf52840dk-test-appid-ecdsap256"
version = "0.2.3-dev"
dependencies = [
 "capsules-core",
 "capsules-extra",
 "capsules-system",
 "components",
 "cortexm4",
 "ecdsa-sw",
 "kernel",
 "nrf52840",
 "nrf52_components",
 "segger",
 "tock-tbf",
 "tock_build_scripts",
]

[[package]]
name = "nrf52840dk-test-appid-sha256"
version = "0.2.3-dev"
dependencies = [
 "capsules-core",
 "capsules-extra",
 "capsules-system",
 "components",
 "cortexm4",
 "kernel",
 "nrf52840",
 "nrf52_components",
 "segger",
 "tock_build_scripts",
]

[[package]]
name = "nrf52840dk-test-appid-tbf"
version = "0.2.3-dev"
dependencies = [
 "capsules-core",
 "capsules-extra",
 "capsules-system",
 "components",
 "cortexm4",
 "kernel",
 "nrf52840",
 "nrf52_components",
 "segger",
 "tock_build_scripts",
]

[[package]]
name = "nrf52840dk-test-dynamic-app-load"
version = "0.2.3-dev"
dependencies = [
 "capsules-core",
 "capsules-extra",
 "capsules-system",
 "components",
 "cortexm4",
 "kernel",
 "nrf52840",
 "nrf52_components",
 "segger",
 "tock_build_scripts",
]

[[package]]
name = "nrf52840dk-test-invs"
version = "0.2.3-dev"
dependencies = [
 "capsules-core",
 "capsules-extra",
 "capsules-system",
 "components",
 "cortexm4",
 "kernel",
 "nrf52840",
 "nrf52_components",
 "segger",
 "tock_build_scripts",
]

[[package]]
name = "nrf52840dk-test-kernel"
version = "0.2.3-dev"
dependencies = [
 "capsules-core",
 "capsules-extra",
 "capsules-system",
 "components",
 "cortexm4",
 "ecdsa-sw",
 "kernel",
 "nrf52840",
 "nrf52_components",
 "segger",
 "tock_build_scripts",
]

[[package]]
name = "nrf52840dk-thread-tutorial"
version = "0.2.3-dev"
dependencies = [
 "capsules-core",
 "capsules-extra",
 "capsules-system",
 "components",
 "kernel",
 "nrf52840",
 "nrf52840dk",
 "tock_build_scripts",
]

[[package]]
name = "nrf52_components"
version = "0.2.3-dev"
dependencies = [
 "capsules-core",
 "capsules-extra",
 "capsules-system",
 "components",
 "cortexm4",
 "kernel",
 "nrf52",
 "segger",
]

[[package]]
name = "nrf52dk"
version = "0.2.3-dev"
dependencies = [
 "capsules-core",
 "capsules-extra",
 "capsules-system",
 "components",
 "cortexm4",
 "kernel",
 "nrf52832",
 "nrf52_components",
 "segger",
 "tock_build_scripts",
]

[[package]]
name = "nrf5x"
version = "0.2.3-dev"
dependencies = [
 "enum_primitive",
 "kernel",
]

[[package]]
name = "nucleo_f429zi"
version = "0.2.3-dev"
dependencies = [
 "capsules-core",
 "capsules-extra",
 "capsules-system",
 "components",
 "cortexm4",
 "kernel",
 "stm32f429zi",
 "tock_build_scripts",
]

[[package]]
name = "nucleo_f446re"
version = "0.2.3-dev"
dependencies = [
 "capsules-core",
 "capsules-extra",
 "capsules-system",
 "components",
 "cortexm4",
 "kernel",
 "stm32f446re",
 "tock_build_scripts",
]

[[package]]
name = "opaque-debug"
version = "0.3.1"
source = "registry+https://github.com/rust-lang/crates.io-index"
checksum = "c08d65885ee38876c4f86fa503fb49d7b507c2b62552df7c70b2fce627e06381"

[[package]]
name = "p256"
version = "0.13.2"
source = "registry+https://github.com/rust-lang/crates.io-index"
checksum = "c9863ad85fa8f4460f9c48cb909d38a0d689dba1f6f6988a5e3e0d31071bcd4b"
dependencies = [
 "ecdsa",
 "elliptic-curve",
 "primeorder",
 "sha2",
]

[[package]]
name = "particle_boron"
version = "0.2.3-dev"
dependencies = [
 "capsules-core",
 "capsules-extra",
 "capsules-system",
 "components",
 "cortexm4",
 "kernel",
 "nrf52",
 "nrf52840",
 "nrf52_components",
 "segger",
 "tock_build_scripts",
]

[[package]]
name = "pci-x86"
version = "0.2.3-dev"
dependencies = [
 "tock-registers",
 "x86",
]

[[package]]
name = "pico_explorer_base"
version = "0.2.3-dev"
dependencies = [
 "capsules-core",
 "capsules-extra",
 "capsules-system",
 "components",
 "cortexm0p",
 "enum_primitive",
 "kernel",
 "rp2040",
 "tock_build_scripts",
]

[[package]]
name = "polyval"
version = "0.5.3"
source = "registry+https://github.com/rust-lang/crates.io-index"
checksum = "8419d2b623c7c0896ff2d5d96e2cb4ede590fed28fcc34934f4c33c036e620a1"
dependencies = [
 "cfg-if",
 "cpufeatures",
 "opaque-debug",
 "universal-hash",
]

[[package]]
name = "primeorder"
version = "0.13.6"
source = "registry+https://github.com/rust-lang/crates.io-index"
checksum = "353e1ca18966c16d9deb1c69278edbc5f194139612772bd9537af60ac231e1e6"
dependencies = [
 "elliptic-curve",
]

[[package]]
name = "proc-macro2"
version = "1.0.101"
source = "registry+https://github.com/rust-lang/crates.io-index"
checksum = "89ae43fd86e4158d6db51ad8e2b80f313af9cc74f5c0e03ccb87de09998732de"
dependencies = [
 "unicode-ident",
]

[[package]]
name = "psoc62xa"
version = "0.2.3-dev"
dependencies = [
 "cortexm0p",
 "enum_primitive",
 "kernel",
]

[[package]]
name = "qemu_i486_q35"
version = "0.2.3-dev"
dependencies = [
 "capsules-core",
 "capsules-extra",
 "capsules-system",
 "components",
 "kernel",
 "pci-x86",
 "tock_build_scripts",
 "virtio",
 "virtio-pci-x86",
 "x86",
 "x86_q35",
]

[[package]]
name = "qemu_rv32_virt"
version = "0.2.3-dev"
dependencies = [
 "capsules-core",
 "capsules-extra",
 "capsules-system",
 "components",
 "kernel",
 "qemu_rv32_virt_chip",
 "rv32i",
 "sifive",
 "tock_build_scripts",
]

[[package]]
name = "qemu_rv32_virt-tutorial"
version = "0.2.3-dev"
dependencies = [
 "capsules-core",
 "capsules-extra",
 "capsules-system",
 "components",
 "ecdsa-sw",
 "kernel",
 "qemu_rv32_virt",
 "qemu_rv32_virt_chip",
 "rv32i",
 "sifive",
 "tock-tbf",
 "tock_build_scripts",
]

[[package]]
name = "qemu_rv32_virt_chip"
version = "0.2.3-dev"
dependencies = [
 "kernel",
 "rv32i",
 "sifive",
 "virtio",
]

[[package]]
name = "quote"
version = "1.0.41"
source = "registry+https://github.com/rust-lang/crates.io-index"
checksum = "ce25767e7b499d1b604768e7cde645d14cc8584231ea6b295e9c9eb22c02e1d1"
dependencies = [
 "proc-macro2",
]

[[package]]
name = "rand_core"
version = "0.6.4"
source = "registry+https://github.com/rust-lang/crates.io-index"
checksum = "ec0be4795e2f6a28069bec0b5ff3e2ac9bafc99e6a9a7dc3547996c5c816922c"

[[package]]
name = "raspberry_pi_pico"
version = "0.2.3-dev"
dependencies = [
 "capsules-core",
 "capsules-extra",
 "capsules-system",
 "components",
 "cortexm0p",
 "enum_primitive",
 "kernel",
 "rp2040",
 "tock_build_scripts",
]

[[package]]
name = "raspberry_pi_pico_2"
version = "0.2.3-dev"
dependencies = [
 "capsules-core",
 "capsules-extra",
 "capsules-system",
 "components",
 "cortexm33",
 "enum_primitive",
 "kernel",
 "rp2350",
 "tock_build_scripts",
]

[[package]]
name = "raspberry_pi_pico_w"
version = "0.2.3-dev"
dependencies = [
 "capsules-core",
 "capsules-extra",
 "capsules-system",
 "components",
 "cortexm0p",
 "kernel",
 "raspberry_pi_pico",
 "rp2040",
 "tock-firmware-cyw43",
 "tock_build_scripts",
]

[[package]]
name = "redboard_artemis_atp"
version = "0.2.3-dev"
dependencies = [
 "apollo3",
 "capsules-core",
 "capsules-extra",
 "capsules-system",
 "components",
 "cortexm4",
 "kernel",
 "tock_build_scripts",
]

[[package]]
name = "redboard_artemis_nano"
version = "0.2.3-dev"
dependencies = [
 "apollo3",
 "capsules-core",
 "capsules-extra",
 "capsules-system",
 "components",
 "cortexm4",
 "kernel",
 "tock_build_scripts",
]

[[package]]
name = "redboard_redv"
version = "0.2.3-dev"
dependencies = [
 "capsules-core",
 "capsules-extra",
 "capsules-system",
 "components",
 "e310_g002",
 "kernel",
 "rv32i",
 "sifive",
 "tock_build_scripts",
]

[[package]]
name = "rfc6979"
version = "0.4.0"
source = "registry+https://github.com/rust-lang/crates.io-index"
checksum = "f8dd2a808d456c4a54e300a23e9f5a67e122c3024119acbfd73e3bf664491cb2"
dependencies = [
 "hmac",
 "subtle",
]

[[package]]
name = "riscv"
version = "0.2.3-dev"
dependencies = [
 "kernel",
 "riscv-csr",
 "tock-registers",
]

[[package]]
name = "riscv-csr"
version = "0.1.0"
dependencies = [
 "tock-registers",
]

[[package]]
name = "rp2040"
version = "0.2.3-dev"
dependencies = [
 "cortexm0p",
 "enum_primitive",
 "kernel",
]

[[package]]
name = "rp2350"
version = "0.2.3-dev"
dependencies = [
 "cortexm33",
 "enum_primitive",
 "kernel",
]

[[package]]
name = "rv32i"
version = "0.2.3-dev"
dependencies = [
 "kernel",
 "riscv",
 "riscv-csr",
 "tock-registers",
]

[[package]]
name = "sam4l"
version = "0.2.3-dev"
dependencies = [
 "cortexm4",
 "kernel",
]

[[package]]
name = "sec1"
version = "0.7.3"
source = "registry+https://github.com/rust-lang/crates.io-index"
checksum = "d3e97a565f76233a6003f9f5c54be1d9c5bdfa3eccfb189469f11ec4901c47dc"
dependencies = [
 "base16ct",
 "der",
 "generic-array",
 "subtle",
 "zeroize",
]

[[package]]
name = "segger"
version = "0.2.3-dev"
dependencies = [
 "kernel",
]

[[package]]
name = "sha2"
version = "0.10.9"
source = "registry+https://github.com/rust-lang/crates.io-index"
checksum = "a7507d819769d01a365ab707794a4084392c824f54a7a6a7862f8c3d0892b283"
dependencies = [
 "cfg-if",
 "cpufeatures",
 "digest",
]

[[package]]
name = "sifive"
version = "0.2.3-dev"
dependencies = [
 "kernel",
 "rv32i",
]

[[package]]
name = "signature"
version = "2.2.0"
source = "registry+https://github.com/rust-lang/crates.io-index"
checksum = "77549399552de45a898a580c1b41d445bf730df867cc44e6c0233bbc4b8329de"
dependencies = [
 "digest",
 "rand_core",
]

[[package]]
name = "sma_q3"
version = "0.2.3-dev"
dependencies = [
 "capsules-core",
 "capsules-extra",
 "capsules-system",
 "components",
 "cortexm4",
 "enum_primitive",
 "kernel",
 "nrf52840",
 "nrf52_components",
 "segger",
 "tock_build_scripts",
]

[[package]]
name = "stm32f303xc"
version = "0.2.3-dev"
dependencies = [
 "cortexm4f",
 "enum_primitive",
 "kernel",
]

[[package]]
name = "stm32f3discovery"
version = "0.2.3-dev"
dependencies = [
 "capsules-core",
 "capsules-extra",
 "capsules-system",
 "components",
 "cortexm4",
 "kernel",
 "stm32f303xc",
 "tock_build_scripts",
]

[[package]]
name = "stm32f401cc"
version = "0.2.3-dev"
dependencies = [
 "cortexm4f",
 "enum_primitive",
 "kernel",
 "stm32f4xx",
]

[[package]]
name = "stm32f412g"
version = "0.2.3-dev"
dependencies = [
 "cortexm4f",
 "enum_primitive",
 "kernel",
 "stm32f4xx",
]

[[package]]
name = "stm32f412gdiscovery"
version = "0.2.3-dev"
dependencies = [
 "capsules-core",
 "capsules-extra",
 "capsules-system",
 "components",
 "cortexm4",
 "kernel",
 "stm32f412g",
 "tock_build_scripts",
]

[[package]]
name = "stm32f429idiscovery"
version = "0.2.3-dev"
dependencies = [
 "capsules-core",
 "capsules-extra",
 "capsules-system",
 "components",
 "cortexm4",
 "kernel",
 "stm32f429zi",
 "tock_build_scripts",
]

[[package]]
name = "stm32f429zi"
version = "0.2.3-dev"
dependencies = [
 "cortexm4f",
 "enum_primitive",
 "kernel",
 "stm32f4xx",
]

[[package]]
name = "stm32f446re"
version = "0.2.3-dev"
dependencies = [
 "cortexm4f",
 "enum_primitive",
 "kernel",
 "stm32f4xx",
]

[[package]]
name = "stm32f4xx"
version = "0.2.3-dev"
dependencies = [
 "cortexm4f",
 "enum_primitive",
 "kernel",
]

[[package]]
name = "subtle"
version = "2.4.1"
source = "registry+https://github.com/rust-lang/crates.io-index"
checksum = "6bdef32e8150c2a081110b42772ffe7d7c9032b606bc226c8260fd97e0976601"

[[package]]
name = "syn"
version = "2.0.110"
source = "registry+https://github.com/rust-lang/crates.io-index"
checksum = "a99801b5bd34ede4cf3fc688c5919368fea4e4814a4664359503e6015b280aea"
dependencies = [
 "proc-macro2",
 "quote",
 "unicode-ident",
]

[[package]]
name = "teensy40"
version = "0.2.3-dev"
dependencies = [
 "capsules-core",
 "capsules-extra",
 "capsules-system",
 "components",
 "cortexm7",
 "imxrt10xx",
 "kernel",
 "tock_build_scripts",
]

[[package]]
name = "tickv"
version = "2.0.0"

[[package]]
name = "tock-cells"
version = "0.1.0"

[[package]]
name = "tock-firmware-cyw43"
version = "0.1.0"
source = "git+https://github.com/tock/firmware.git#86ad8b00315dc5f44593722ece80ad077d7ebdb7"

[[package]]
name = "tock-registers"
version = "0.10.0"
source = "registry+https://github.com/rust-lang/crates.io-index"
checksum = "b0293f99756f16ff352cc78c99673766a305bdb5ed7652e78df649e9967c885a"

[[package]]
name = "tock-tbf"
version = "0.1.0"

[[package]]
name = "tock_build_scripts"
version = "0.2.3-dev"

[[package]]
name = "typenum"
version = "1.18.0"
source = "registry+https://github.com/rust-lang/crates.io-index"
checksum = "1dccffe3ce07af9386bfd29e80c0ab1a8205a2fc34e4bcd40364df902cfa8f3f"

[[package]]
name = "unicode-ident"
version = "1.0.19"
source = "registry+https://github.com/rust-lang/crates.io-index"
checksum = "f63a545481291138910575129486daeaf8ac54aee4387fe7906919f7830c7d9d"

[[package]]
name = "universal-hash"
version = "0.4.1"
source = "registry+https://github.com/rust-lang/crates.io-index"
checksum = "9f214e8f697e925001e66ec2c6e37a4ef93f0f78c2eed7814394e10c62025b05"
dependencies = [
 "generic-array",
 "subtle",
]

[[package]]
name = "veer_el2"
version = "0.2.3-dev"
dependencies = [
 "kernel",
 "riscv-csr",
 "rv32i",
 "sifive",
]

[[package]]
name = "veer_el2_sim"
version = "0.2.3-dev"
dependencies = [
 "capsules-core",
 "capsules-extra",
 "capsules-system",
 "components",
 "kernel",
 "rv32i",
 "tock_build_scripts",
 "veer_el2",
]

[[package]]
name = "version_check"
version = "0.9.5"
source = "registry+https://github.com/rust-lang/crates.io-index"
checksum = "0b928f33d975fc6ad9f86c8f283853ad26bdd5b10b7f1542aa2fa15e2289105a"

[[package]]
name = "virtio"
version = "0.2.3-dev"
dependencies = [
 "kernel",
]

[[package]]
name = "virtio-pci-x86"
version = "0.2.3-dev"
dependencies = [
 "kernel",
 "pci-x86",
 "virtio",
]

[[package]]
name = "weact-f401ccu6"
version = "0.2.3-dev"
dependencies = [
 "capsules-core",
 "capsules-extra",
 "capsules-system",
 "components",
 "cortexm4",
 "kernel",
 "stm32f401cc",
 "tock_build_scripts",
]

[[package]]
name = "wm1110dev"
version = "0.2.3-dev"
dependencies = [
 "capsules-core",
 "capsules-extra",
 "capsules-system",
 "components",
 "cortexm4",
 "kernel",
 "nrf52",
 "nrf52840",
 "nrf52_components",
 "tock_build_scripts",
]

[[package]]
name = "x86"
version = "0.2.3-dev"
dependencies = [
 "kernel",
 "tock-cells",
 "tock-registers",
]

[[package]]
name = "x86_q35"
version = "0.2.3-dev"
dependencies = [
 "kernel",
 "tock-cells",
 "tock-registers",
 "x86",
]

[[package]]
name = "zeroize"
version = "1.8.2"
source = "registry+https://github.com/rust-lang/crates.io-index"
checksum = "b97154e67e32c85465826e8bcc1c59429aaaf107c1e4a9e53c8d8ccd5eff88d0"
