[root]
name = "capsules"
version = "0.1.0"
dependencies = [
 "kernel 0.1.0",
 "rust-libcore 0.0.3 (registry+https://github.com/rust-lang/crates.io-index)",
]

[[package]]
name = "kernel"
version = "0.1.0"
dependencies = [
 "rust-libcore 0.0.3 (registry+https://github.com/rust-lang/crates.io-index)",
]

[[package]]
name = "rust-libcore"
version = "0.0.3"
source = "registry+https://github.com/rust-lang/crates.io-index"

