[[package]]
name = "capsules"
version = "0.1.0"
dependencies = [
 "kernel 0.1.0",
]

[[package]]
name = "cortexm"
version = "0.1.0"
dependencies = [
 "kernel 0.1.0",
]

[[package]]
name = "cortexm4"
version = "0.1.0"
dependencies = [
 "cortexm 0.1.0",
 "kernel 0.1.0",
]

[[package]]
name = "ek-tm4c1294xl"
version = "0.1.0"
dependencies = [
 "capsules 0.1.0",
 "cortexm4 0.1.0",
 "kernel 0.1.0",
 "tm4c129x 0.1.0",
]

[[package]]
name = "kernel"
version = "0.1.0"
dependencies = [
 "tock-regs 0.1.0",
]

[[package]]
name = "tm4c129x"
version = "0.1.0"
dependencies = [
 "cortexm4 0.1.0",
 "kernel 0.1.0",
]

[[package]]
name = "tock-regs"
version = "0.1.0"

