[[package]]
name = "bitfield"
version = "0.11.0"
source = "registry+https://github.com/rust-lang/crates.io-index"

[[package]]
name = "capsules"
version = "0.1.0"
dependencies = [
 "kernel 0.1.0",
]

[[package]]
name = "cortexm"
version = "0.1.0"

[[package]]
name = "cortexm4"
version = "0.1.0"
dependencies = [
 "cortexm 0.1.0",
 "kernel 0.1.0",
]

[[package]]
name = "kernel"
version = "0.1.0"

[[package]]
name = "nrf52"
version = "0.1.0"
dependencies = [
 "bitfield 0.11.0 (registry+https://github.com/rust-lang/crates.io-index)",
 "cortexm4 0.1.0",
 "kernel 0.1.0",
 "nrf5x 0.1.0",
]

[[package]]
name = "nrf52840dk"
version = "0.1.0"
dependencies = [
 "capsules 0.1.0",
 "cortexm4 0.1.0",
 "kernel 0.1.0",
 "nrf52 0.1.0",
 "nrf52dk_base 0.1.0",
 "nrf5x 0.1.0",
]

[[package]]
name = "nrf52dk_base"
version = "0.1.0"
dependencies = [
 "capsules 0.1.0",
 "cortexm4 0.1.0",
 "kernel 0.1.0",
 "nrf52 0.1.0",
 "nrf5x 0.1.0",
]

[[package]]
name = "nrf5x"
version = "0.1.0"
dependencies = [
 "kernel 0.1.0",
]

[metadata]
"checksum bitfield 0.11.0 (registry+https://github.com/rust-lang/crates.io-index)" = "f989ae9b9fff3271a712a309fce47f0c46dd3476cb40074ddfcc06ad4a76cf6a"
