# This file is automatically @generated by Cargo.
# It is not intended for manual editing.
[[package]]
name = "bare-metal"
version = "0.2.4"
source = "registry+https://github.com/rust-lang/crates.io-index"
dependencies = [
 "rustc_version 0.2.3 (registry+https://github.com/rust-lang/crates.io-index)",
]

[[package]]
name = "bit_field"
version = "0.9.0"
source = "registry+https://github.com/rust-lang/crates.io-index"

[[package]]
name = "capsules"
version = "0.1.0"
dependencies = [
 "enum_primitive 0.1.0",
 "kernel 0.1.0",
]

[[package]]
name = "e310x"
version = "0.1.0"
dependencies = [
 "kernel 0.1.0",
 "rv32i 0.1.0",
 "sifive 0.1.0",
]

[[package]]
name = "enum_primitive"
version = "0.1.0"

[[package]]
name = "hifive1"
version = "0.1.0"
dependencies = [
 "capsules 0.1.0",
 "e310x 0.1.0",
 "kernel 0.1.0",
 "riscvregs 0.5.0 (git+https://github.com/DieracDelta/riscvregs.git?rev=2c35ea8)",
 "rv32i 0.1.0",
 "sifive 0.1.0",
]

[[package]]
name = "kernel"
version = "0.1.0"
dependencies = [
 "tock-cells 0.1.0",
 "tock-registers 0.3.0",
]

[[package]]
name = "riscvregs"
version = "0.5.0"
source = "git+https://github.com/DieracDelta/riscvregs.git?rev=2c35ea8#2c35ea873a38081e24ff2eedf0e4fe89b39f3f4a"
dependencies = [
 "bare-metal 0.2.4 (registry+https://github.com/rust-lang/crates.io-index)",
 "bit_field 0.9.0 (registry+https://github.com/rust-lang/crates.io-index)",
]

[[package]]
name = "rustc_version"
version = "0.2.3"
source = "registry+https://github.com/rust-lang/crates.io-index"
dependencies = [
 "semver 0.9.0 (registry+https://github.com/rust-lang/crates.io-index)",
]

[[package]]
name = "rv32i"
version = "0.1.0"
dependencies = [
 "kernel 0.1.0",
 "riscvregs 0.5.0 (git+https://github.com/DieracDelta/riscvregs.git?rev=2c35ea8)",
 "tock_rt0 0.1.0",
]

[[package]]
name = "semver"
version = "0.9.0"
source = "registry+https://github.com/rust-lang/crates.io-index"
dependencies = [
 "semver-parser 0.7.0 (registry+https://github.com/rust-lang/crates.io-index)",
]

[[package]]
name = "semver-parser"
version = "0.7.0"
source = "registry+https://github.com/rust-lang/crates.io-index"

[[package]]
name = "sifive"
version = "0.1.0"
dependencies = [
 "kernel 0.1.0",
 "rv32i 0.1.0",
]

[[package]]
name = "tock-cells"
version = "0.1.0"

[[package]]
name = "tock-registers"
version = "0.3.0"

[[package]]
name = "tock_rt0"
version = "0.1.0"

[metadata]
"checksum bare-metal 0.2.4 (registry+https://github.com/rust-lang/crates.io-index)" = "a3caf393d93b2d453e80638d0674597020cef3382ada454faacd43d1a55a735a"
"checksum bit_field 0.9.0 (registry+https://github.com/rust-lang/crates.io-index)" = "ed8765909f9009617974ab6b7d332625b320b33c326b1e9321382ef1999b5d56"
"checksum riscvregs 0.5.0 (git+https://github.com/DieracDelta/riscvregs.git?rev=2c35ea8)" = "<none>"
"checksum rustc_version 0.2.3 (registry+https://github.com/rust-lang/crates.io-index)" = "138e3e0acb6c9fb258b19b67cb8abd63c00679d2851805ea151465464fe9030a"
"checksum semver 0.9.0 (registry+https://github.com/rust-lang/crates.io-index)" = "1d7eb9ef2c18661902cc47e535f9bc51b78acd254da71d375c2f6720d9a40403"
"checksum semver-parser 0.7.0 (registry+https://github.com/rust-lang/crates.io-index)" = "388a1df253eca08550bef6c72392cfe7c30914bf41df5269b68cbd6ff8f570a3"
