[[package]]
name = "bitfield"
version = "0.11.0"
source = "registry+https://github.com/rust-lang/crates.io-index"

[[package]]
name = "capsules"
version = "0.1.0"
dependencies = [
 "kernel 0.1.0",
]

[[package]]
name = "cc2650"
version = "0.1.0"
dependencies = [
 "bitfield 0.11.0 (registry+https://github.com/rust-lang/crates.io-index)",
 "cortexm3 0.1.0",
 "kernel 0.1.0",
]

[[package]]
name = "cortexm3"
version = "0.1.0"
dependencies = [
 "kernel 0.1.0",
]

[[package]]
name = "kernel"
version = "0.1.0"

[[package]]
name = "sensortag"
version = "0.1.0"
dependencies = [
 "capsules 0.1.0",
 "cc2650 0.1.0",
 "cortexm3 0.1.0",
 "kernel 0.1.0",
]

[metadata]
"checksum bitfield 0.11.0 (registry+https://github.com/rust-lang/crates.io-index)" = "f989ae9b9fff3271a712a309fce47f0c46dd3476cb40074ddfcc06ad4a76cf6a"
