[root]
name = "nrf_pca10001"
version = "0.1.0"
dependencies = [
 "common 0.1.0",
 "core 0.0.0",
 "cortexm0 0.1.0",
 "drivers 0.1.0",
 "hil 0.1.0",
 "main 0.1.0",
 "nrf51822 0.1.0",
 "support 0.1.0",
]

[[package]]
name = "common"
version = "0.1.0"
dependencies = [
 "core 0.0.0",
]

[[package]]
name = "core"
version = "0.0.0"

[[package]]
name = "cortexm0"
version = "0.1.0"
dependencies = [
 "common 0.1.0",
 "core 0.0.0",
 "main 0.1.0",
]

[[package]]
name = "drivers"
version = "0.1.0"
dependencies = [
 "common 0.1.0",
 "core 0.0.0",
 "hil 0.1.0",
 "main 0.1.0",
]

[[package]]
name = "gcc"
version = "0.3.32"
source = "registry+https://github.com/rust-lang/crates.io-index"

[[package]]
name = "hil"
version = "0.1.0"
dependencies = [
 "common 0.1.0",
 "core 0.0.0",
 "main 0.1.0",
]

[[package]]
name = "main"
version = "0.1.0"
dependencies = [
 "common 0.1.0",
 "core 0.0.0",
 "support 0.1.0",
]

[[package]]
name = "nrf51822"
version = "0.1.0"
dependencies = [
 "common 0.1.0",
 "core 0.0.0",
 "cortexm0 0.1.0",
 "gcc 0.3.32 (registry+https://github.com/rust-lang/crates.io-index)",
 "hil 0.1.0",
 "main 0.1.0",
]

[[package]]
name = "support"
version = "0.1.0"
dependencies = [
 "core 0.0.0",
]

