[root]
name = "storm"
version = "0.1.0"
dependencies = [
 "common 0.1.0",
 "cortexm4 0.1.0",
 "drivers 0.1.0",
 "hil 0.1.0",
 "main 0.1.0",
 "rust-libcore 0.0.3 (registry+https://github.com/rust-lang/crates.io-index)",
 "sam4l 0.1.0",
 "support 0.1.0",
]

[[package]]
name = "common"
version = "0.1.0"
dependencies = [
 "rust-libcore 0.0.3 (registry+https://github.com/rust-lang/crates.io-index)",
]

[[package]]
name = "cortexm4"
version = "0.1.0"
dependencies = [
 "common 0.1.0",
 "main 0.1.0",
 "rust-libcore 0.0.3 (registry+https://github.com/rust-lang/crates.io-index)",
]

[[package]]
name = "drivers"
version = "0.1.0"
dependencies = [
 "common 0.1.0",
 "hil 0.1.0",
 "main 0.1.0",
 "rust-libcore 0.0.3 (registry+https://github.com/rust-lang/crates.io-index)",
]

[[package]]
name = "hil"
version = "0.1.0"
dependencies = [
 "common 0.1.0",
 "main 0.1.0",
 "rust-libcore 0.0.3 (registry+https://github.com/rust-lang/crates.io-index)",
]

[[package]]
name = "main"
version = "0.1.0"
dependencies = [
 "common 0.1.0",
 "rust-libcore 0.0.3 (registry+https://github.com/rust-lang/crates.io-index)",
 "support 0.1.0",
]

[[package]]
name = "rust-libcore"
version = "0.0.3"
source = "registry+https://github.com/rust-lang/crates.io-index"

[[package]]
name = "sam4l"
version = "0.1.0"
dependencies = [
 "common 0.1.0",
 "cortexm4 0.1.0",
 "hil 0.1.0",
 "main 0.1.0",
 "rust-libcore 0.0.3 (registry+https://github.com/rust-lang/crates.io-index)",
]

[[package]]
name = "support"
version = "0.1.0"
dependencies = [
 "rust-libcore 0.0.3 (registry+https://github.com/rust-lang/crates.io-index)",
]

