[[package]]
name = "cc26x2"
version = "0.1.0"
dependencies = [
 "cc26xx 0.1.0",
 "cortexm4 0.1.0",
 "kernel 0.1.0",
]

[[package]]
name = "cc26xx"
version = "0.1.0"
dependencies = [
 "kernel 0.1.0",
]

[[package]]
name = "cortexm"
version = "0.1.0"
dependencies = [
 "kernel 0.1.0",
]

[[package]]
name = "cortexm4"
version = "0.1.0"
dependencies = [
 "cortexm 0.1.0",
 "kernel 0.1.0",
]

[[package]]
name = "kernel"
version = "0.1.0"
dependencies = [
 "tock-regs 0.1.0",
]

[[package]]
name = "tock-regs"
version = "0.1.0"

